{
  "object": {
    "pins": [
      {
        "package": "CodableCSV",
        "repositoryURL": "https://github.com/dehesa/CodableCSV.git",
        "state": {
          "branch": null,
          "revision": "0a92dd6b49f859862309ecab45f54d9aed4340b8",
          "version": "0.6.3"
        }
      }
    ]
  },
  "version": 1
}
