// !$*UTF8*$!
{
	archiveVersion = 1;
	classes = {
	};
	objectVersion = 52;
	objects = {

/* Begin PBXBuildFile section */
		AD07C24525521A6E009B27B2 /* Region.swift in Sources */ = {isa = PBXBuildFile; fileRef = AD07C24425521A6E009B27B2 /* Region.swift */; };
		AD07C24625521A6E009B27B2 /* Region.swift in Sources */ = {isa = PBXBuildFile; fileRef = AD07C24425521A6E009B27B2 /* Region.swift */; };
		AD07C24C25521AA3009B27B2 /* AnyRegion.swift in Sources */ = {isa = PBXBuildFile; fileRef = AD07C24B25521AA3009B27B2 /* AnyRegion.swift */; };
		AD07C24D25521AA3009B27B2 /* AnyRegion.swift in Sources */ = {isa = PBXBuildFile; fileRef = AD07C24B25521AA3009B27B2 /* AnyRegion.swift */; };
		AD131CBE2559D393003077F3 /* Localizable.strings in Resources */ = {isa = PBXBuildFile; fileRef = AD131CC02559D393003077F3 /* Localizable.strings */; };
		AD131CCA2559D94C003077F3 /* Localizable.strings in Resources */ = {isa = PBXBuildFile; fileRef = AD131CC02559D393003077F3 /* Localizable.strings */; };
		AD327F26254629EC002CCE01 /* NumbersDTO.swift in Sources */ = {isa = PBXBuildFile; fileRef = AD327F25254629EC002CCE01 /* NumbersDTO.swift */; };
		AD327F2C2546332E002CCE01 /* NumbersProvider.swift in Sources */ = {isa = PBXBuildFile; fileRef = AD327F2B2546332E002CCE01 /* NumbersProvider.swift */; };
		AD327F32254633B7002CCE01 /* Numbers.swift in Sources */ = {isa = PBXBuildFile; fileRef = AD327F31254633B7002CCE01 /* Numbers.swift */; };
		AD422CCC254E31FB005122CB /* Province.swift in Sources */ = {isa = PBXBuildFile; fileRef = AD422CCB254E31FB005122CB /* Province.swift */; };
		AD5C7329253300C800E32B5E /* CodableCSV in Frameworks */ = {isa = PBXBuildFile; productRef = AD5C7328253300C800E32B5E /* CodableCSV */; };
		AD6680BC251F4C0800E669A7 /* RegionView.swift in Sources */ = {isa = PBXBuildFile; fileRef = AD6680BB251F4C0800E669A7 /* RegionView.swift */; };
		AD6680C22520832800E669A7 /* RowView.swift in Sources */ = {isa = PBXBuildFile; fileRef = AD6680C12520832800E669A7 /* RowView.swift */; };
		AD74CCC6255DF7B200002500 /* AboutView.swift in Sources */ = {isa = PBXBuildFile; fileRef = AD74CCC5255DF7B200002500 /* AboutView.swift */; };
		AD74CCCC255DF8B500002500 /* SectionHeader.swift in Sources */ = {isa = PBXBuildFile; fileRef = AD74CCCB255DF8B500002500 /* SectionHeader.swift */; };
		AD78EBB32548C6D00021ECA2 /* Numbers.swift in Sources */ = {isa = PBXBuildFile; fileRef = AD327F31254633B7002CCE01 /* Numbers.swift */; };
		AD7C67752532FBB10037716F /* CodableCSV in Frameworks */ = {isa = PBXBuildFile; productRef = AD7C67742532FBB10037716F /* CodableCSV */; };
		ADB2641D25474C0C00231946 /* NumbersDTO.swift in Sources */ = {isa = PBXBuildFile; fileRef = AD327F25254629EC002CCE01 /* NumbersDTO.swift */; };
		ADBB7CE02517C1DA00F3C8B4 /* WidgetKit.framework in Frameworks */ = {isa = PBXBuildFile; fileRef = ADBB7CDF2517C1DA00F3C8B4 /* WidgetKit.framework */; };
		ADBB7CE22517C1DA00F3C8B4 /* SwiftUI.framework in Frameworks */ = {isa = PBXBuildFile; fileRef = ADBB7CE12517C1DA00F3C8B4 /* SwiftUI.framework */; };
		ADBB7CE52517C1DA00F3C8B4 /* InfectedWidget.swift in Sources */ = {isa = PBXBuildFile; fileRef = ADBB7CE42517C1DA00F3C8B4 /* InfectedWidget.swift */; };
		ADBB7CE72517C1DC00F3C8B4 /* Assets.xcassets in Resources */ = {isa = PBXBuildFile; fileRef = ADBB7CE62517C1DC00F3C8B4 /* Assets.xcassets */; };
		ADBB7CEB2517C1DC00F3C8B4 /* InfectedWidgetExtension.appex in Embed App Extensions */ = {isa = PBXBuildFile; fileRef = ADBB7CDD2517C1DA00F3C8B4 /* InfectedWidgetExtension.appex */; settings = {ATTRIBUTES = (RemoveHeadersOnCopy, ); }; };
		ADBB7CF82517C22600F3C8B4 /* CoronaWatchNLAPI.swift in Sources */ = {isa = PBXBuildFile; fileRef = ADD4C333251628640064A959 /* CoronaWatchNLAPI.swift */; };
		ADD2D16D254EBADD00FB678A /* Province.swift in Sources */ = {isa = PBXBuildFile; fileRef = AD422CCB254E31FB005122CB /* Province.swift */; };
		ADD4C306251627910064A959 /* InfectedApp.swift in Sources */ = {isa = PBXBuildFile; fileRef = ADD4C305251627910064A959 /* InfectedApp.swift */; };
		ADD4C308251627910064A959 /* ContentView.swift in Sources */ = {isa = PBXBuildFile; fileRef = ADD4C307251627910064A959 /* ContentView.swift */; };
		ADD4C30A251627920064A959 /* Assets.xcassets in Resources */ = {isa = PBXBuildFile; fileRef = ADD4C309251627920064A959 /* Assets.xcassets */; };
		ADD4C30D251627920064A959 /* Preview Assets.xcassets in Resources */ = {isa = PBXBuildFile; fileRef = ADD4C30C251627920064A959 /* Preview Assets.xcassets */; };
		ADD4C318251627920064A959 /* InfectedTests.swift in Sources */ = {isa = PBXBuildFile; fileRef = ADD4C317251627920064A959 /* InfectedTests.swift */; };
		ADD4C323251627920064A959 /* InfectedUITests.swift in Sources */ = {isa = PBXBuildFile; fileRef = ADD4C322251627920064A959 /* InfectedUITests.swift */; };
		ADD4C334251628640064A959 /* CoronaWatchNLAPI.swift in Sources */ = {isa = PBXBuildFile; fileRef = ADD4C333251628640064A959 /* CoronaWatchNLAPI.swift */; };
		ADE10EF0254F3FEA0080B975 /* AllRegionsView.swift in Sources */ = {isa = PBXBuildFile; fileRef = ADE10EEF254F3FEA0080B975 /* AllRegionsView.swift */; };
		ADE10EF6254F454D0080B975 /* NetherlandsView.swift in Sources */ = {isa = PBXBuildFile; fileRef = ADE10EF5254F454D0080B975 /* NetherlandsView.swift */; };
		ADE10EFC254F45930080B975 /* ProvincesView.swift in Sources */ = {isa = PBXBuildFile; fileRef = ADE10EFB254F45930080B975 /* ProvincesView.swift */; };
		ADE10F02254F52650080B975 /* Municipality.swift in Sources */ = {isa = PBXBuildFile; fileRef = ADE10F01254F52650080B975 /* Municipality.swift */; };
		ADE10F08254F56AE0080B975 /* MunicipalitiesView.swift in Sources */ = {isa = PBXBuildFile; fileRef = ADE10F07254F56AE0080B975 /* MunicipalitiesView.swift */; };
		ADE10F0D254F57400080B975 /* Municipality.swift in Sources */ = {isa = PBXBuildFile; fileRef = ADE10F01254F52650080B975 /* Municipality.swift */; };
		ADE4EDE725604F530035CBE5 /* CloseButton.swift in Sources */ = {isa = PBXBuildFile; fileRef = ADE4EDE625604F530035CBE5 /* CloseButton.swift */; };
		ADE73A36254B612900C9FBD4 /* TrendNumberView.swift in Sources */ = {isa = PBXBuildFile; fileRef = ADE73A35254B612900C9FBD4 /* TrendNumberView.swift */; };
		ADE73A75254D7C8300C9FBD4 /* NumbersProvider.swift in Sources */ = {isa = PBXBuildFile; fileRef = AD327F2B2546332E002CCE01 /* NumbersProvider.swift */; };
		ADE73A8F254DDEB700C9FBD4 /* NumberRepresentation.swift in Sources */ = {isa = PBXBuildFile; fileRef = ADE73A8E254DDEB700C9FBD4 /* NumberRepresentation.swift */; };
/* End PBXBuildFile section */

/* Begin PBXContainerItemProxy section */
		ADBB7CE92517C1DC00F3C8B4 /* PBXContainerItemProxy */ = {
			isa = PBXContainerItemProxy;
			containerPortal = ADD4C2FA251627910064A959 /* Project object */;
			proxyType = 1;
			remoteGlobalIDString = ADBB7CDC2517C1DA00F3C8B4;
			remoteInfo = InfectedWidgetExtension;
		};
		ADD4C314251627920064A959 /* PBXContainerItemProxy */ = {
			isa = PBXContainerItemProxy;
			containerPortal = ADD4C2FA251627910064A959 /* Project object */;
			proxyType = 1;
			remoteGlobalIDString = ADD4C301251627910064A959;
			remoteInfo = Infected;
		};
		ADD4C31F251627920064A959 /* PBXContainerItemProxy */ = {
			isa = PBXContainerItemProxy;
			containerPortal = ADD4C2FA251627910064A959 /* Project object */;
			proxyType = 1;
			remoteGlobalIDString = ADD4C301251627910064A959;
			remoteInfo = Infected;
		};
/* End PBXContainerItemProxy section */

/* Begin PBXCopyFilesBuildPhase section */
		ADBB7CEF2517C1DC00F3C8B4 /* Embed App Extensions */ = {
			isa = PBXCopyFilesBuildPhase;
			buildActionMask = 2147483647;
			dstPath = "";
			dstSubfolderSpec = 13;
			files = (
				ADBB7CEB2517C1DC00F3C8B4 /* InfectedWidgetExtension.appex in Embed App Extensions */,
			);
			name = "Embed App Extensions";
			runOnlyForDeploymentPostprocessing = 0;
		};
/* End PBXCopyFilesBuildPhase section */

/* Begin PBXFileReference section */
		AD07C24425521A6E009B27B2 /* Region.swift */ = {isa = PBXFileReference; lastKnownFileType = sourcecode.swift; path = Region.swift; sourceTree = "<group>"; };
		AD07C24B25521AA3009B27B2 /* AnyRegion.swift */ = {isa = PBXFileReference; lastKnownFileType = sourcecode.swift; path = AnyRegion.swift; sourceTree = "<group>"; };
		AD131CBF2559D393003077F3 /* en */ = {isa = PBXFileReference; lastKnownFileType = text.plist.strings; name = en; path = en.lproj/Localizable.strings; sourceTree = "<group>"; };
		AD131CC52559D39D003077F3 /* nl */ = {isa = PBXFileReference; lastKnownFileType = text.plist.strings; name = nl; path = nl.lproj/Localizable.strings; sourceTree = "<group>"; };
		AD327F25254629EC002CCE01 /* NumbersDTO.swift */ = {isa = PBXFileReference; lastKnownFileType = sourcecode.swift; path = NumbersDTO.swift; sourceTree = "<group>"; };
		AD327F2B2546332E002CCE01 /* NumbersProvider.swift */ = {isa = PBXFileReference; lastKnownFileType = sourcecode.swift; path = NumbersProvider.swift; sourceTree = "<group>"; };
		AD327F31254633B7002CCE01 /* Numbers.swift */ = {isa = PBXFileReference; lastKnownFileType = sourcecode.swift; path = Numbers.swift; sourceTree = "<group>"; };
		AD422CCB254E31FB005122CB /* Province.swift */ = {isa = PBXFileReference; lastKnownFileType = sourcecode.swift; path = Province.swift; sourceTree = "<group>"; };
		AD6680BB251F4C0800E669A7 /* RegionView.swift */ = {isa = PBXFileReference; lastKnownFileType = sourcecode.swift; path = RegionView.swift; sourceTree = "<group>"; };
		AD6680C12520832800E669A7 /* RowView.swift */ = {isa = PBXFileReference; lastKnownFileType = sourcecode.swift; path = RowView.swift; sourceTree = "<group>"; };
		AD74CCC5255DF7B200002500 /* AboutView.swift */ = {isa = PBXFileReference; lastKnownFileType = sourcecode.swift; path = AboutView.swift; sourceTree = "<group>"; };
		AD74CCCB255DF8B500002500 /* SectionHeader.swift */ = {isa = PBXFileReference; lastKnownFileType = sourcecode.swift; path = SectionHeader.swift; sourceTree = "<group>"; };
		ADBB7CDD2517C1DA00F3C8B4 /* InfectedWidgetExtension.appex */ = {isa = PBXFileReference; explicitFileType = "wrapper.app-extension"; includeInIndex = 0; path = InfectedWidgetExtension.appex; sourceTree = BUILT_PRODUCTS_DIR; };
		ADBB7CDF2517C1DA00F3C8B4 /* WidgetKit.framework */ = {isa = PBXFileReference; lastKnownFileType = wrapper.framework; name = WidgetKit.framework; path = System/Library/Frameworks/WidgetKit.framework; sourceTree = SDKROOT; };
		ADBB7CE12517C1DA00F3C8B4 /* SwiftUI.framework */ = {isa = PBXFileReference; lastKnownFileType = wrapper.framework; name = SwiftUI.framework; path = System/Library/Frameworks/SwiftUI.framework; sourceTree = SDKROOT; };
		ADBB7CE42517C1DA00F3C8B4 /* InfectedWidget.swift */ = {isa = PBXFileReference; lastKnownFileType = sourcecode.swift; path = InfectedWidget.swift; sourceTree = "<group>"; };
		ADBB7CE62517C1DC00F3C8B4 /* Assets.xcassets */ = {isa = PBXFileReference; lastKnownFileType = folder.assetcatalog; path = Assets.xcassets; sourceTree = "<group>"; };
		ADBB7CE82517C1DC00F3C8B4 /* Info.plist */ = {isa = PBXFileReference; lastKnownFileType = text.plist.xml; path = Info.plist; sourceTree = "<group>"; };
		ADD4C302251627910064A959 /* Infected.app */ = {isa = PBXFileReference; explicitFileType = wrapper.application; includeInIndex = 0; path = Infected.app; sourceTree = BUILT_PRODUCTS_DIR; };
		ADD4C305251627910064A959 /* InfectedApp.swift */ = {isa = PBXFileReference; lastKnownFileType = sourcecode.swift; path = InfectedApp.swift; sourceTree = "<group>"; };
		ADD4C307251627910064A959 /* ContentView.swift */ = {isa = PBXFileReference; lastKnownFileType = sourcecode.swift; path = ContentView.swift; sourceTree = "<group>"; };
		ADD4C309251627920064A959 /* Assets.xcassets */ = {isa = PBXFileReference; lastKnownFileType = folder.assetcatalog; path = Assets.xcassets; sourceTree = "<group>"; };
		ADD4C30C251627920064A959 /* Preview Assets.xcassets */ = {isa = PBXFileReference; lastKnownFileType = folder.assetcatalog; path = "Preview Assets.xcassets"; sourceTree = "<group>"; };
		ADD4C30E251627920064A959 /* Info.plist */ = {isa = PBXFileReference; lastKnownFileType = text.plist.xml; path = Info.plist; sourceTree = "<group>"; };
		ADD4C313251627920064A959 /* InfectedTests.xctest */ = {isa = PBXFileReference; explicitFileType = wrapper.cfbundle; includeInIndex = 0; path = InfectedTests.xctest; sourceTree = BUILT_PRODUCTS_DIR; };
		ADD4C317251627920064A959 /* InfectedTests.swift */ = {isa = PBXFileReference; lastKnownFileType = sourcecode.swift; path = InfectedTests.swift; sourceTree = "<group>"; };
		ADD4C319251627920064A959 /* Info.plist */ = {isa = PBXFileReference; lastKnownFileType = text.plist.xml; path = Info.plist; sourceTree = "<group>"; };
		ADD4C31E251627920064A959 /* InfectedUITests.xctest */ = {isa = PBXFileReference; explicitFileType = wrapper.cfbundle; includeInIndex = 0; path = InfectedUITests.xctest; sourceTree = BUILT_PRODUCTS_DIR; };
		ADD4C322251627920064A959 /* InfectedUITests.swift */ = {isa = PBXFileReference; lastKnownFileType = sourcecode.swift; path = InfectedUITests.swift; sourceTree = "<group>"; };
		ADD4C324251627920064A959 /* Info.plist */ = {isa = PBXFileReference; lastKnownFileType = text.plist.xml; path = Info.plist; sourceTree = "<group>"; };
		ADD4C333251628640064A959 /* CoronaWatchNLAPI.swift */ = {isa = PBXFileReference; lastKnownFileType = sourcecode.swift; path = CoronaWatchNLAPI.swift; sourceTree = "<group>"; };
		ADE10EEF254F3FEA0080B975 /* AllRegionsView.swift */ = {isa = PBXFileReference; lastKnownFileType = sourcecode.swift; path = AllRegionsView.swift; sourceTree = "<group>"; };
		ADE10EF5254F454D0080B975 /* NetherlandsView.swift */ = {isa = PBXFileReference; lastKnownFileType = sourcecode.swift; path = NetherlandsView.swift; sourceTree = "<group>"; };
		ADE10EFB254F45930080B975 /* ProvincesView.swift */ = {isa = PBXFileReference; lastKnownFileType = sourcecode.swift; path = ProvincesView.swift; sourceTree = "<group>"; };
		ADE10F01254F52650080B975 /* Municipality.swift */ = {isa = PBXFileReference; lastKnownFileType = sourcecode.swift; path = Municipality.swift; sourceTree = "<group>"; };
		ADE10F07254F56AE0080B975 /* MunicipalitiesView.swift */ = {isa = PBXFileReference; lastKnownFileType = sourcecode.swift; path = MunicipalitiesView.swift; sourceTree = "<group>"; };
		ADE4EDE625604F530035CBE5 /* CloseButton.swift */ = {isa = PBXFileReference; lastKnownFileType = sourcecode.swift; path = CloseButton.swift; sourceTree = "<group>"; };
		ADE73A35254B612900C9FBD4 /* TrendNumberView.swift */ = {isa = PBXFileReference; lastKnownFileType = sourcecode.swift; path = TrendNumberView.swift; sourceTree = "<group>"; };
		ADE73A8E254DDEB700C9FBD4 /* NumberRepresentation.swift */ = {isa = PBXFileReference; lastKnownFileType = sourcecode.swift; path = NumberRepresentation.swift; sourceTree = "<group>"; };
/* End PBXFileReference section */

/* Begin PBXFrameworksBuildPhase section */
		ADBB7CDA2517C1DA00F3C8B4 /* Frameworks */ = {
			isa = PBXFrameworksBuildPhase;
			buildActionMask = 2147483647;
			files = (
				ADBB7CE22517C1DA00F3C8B4 /* SwiftUI.framework in Frameworks */,
				AD5C7329253300C800E32B5E /* CodableCSV in Frameworks */,
				ADBB7CE02517C1DA00F3C8B4 /* WidgetKit.framework in Frameworks */,
			);
			runOnlyForDeploymentPostprocessing = 0;
		};
		ADD4C2FF251627910064A959 /* Frameworks */ = {
			isa = PBXFrameworksBuildPhase;
			buildActionMask = 2147483647;
			files = (
				AD7C67752532FBB10037716F /* CodableCSV in Frameworks */,
			);
			runOnlyForDeploymentPostprocessing = 0;
		};
		ADD4C310251627920064A959 /* Frameworks */ = {
			isa = PBXFrameworksBuildPhase;
			buildActionMask = 2147483647;
			files = (
			);
			runOnlyForDeploymentPostprocessing = 0;
		};
		ADD4C31B251627920064A959 /* Frameworks */ = {
			isa = PBXFrameworksBuildPhase;
			buildActionMask = 2147483647;
			files = (
			);
			runOnlyForDeploymentPostprocessing = 0;
		};
/* End PBXFrameworksBuildPhase section */

/* Begin PBXGroup section */
		ADBB7CDE2517C1DA00F3C8B4 /* Frameworks */ = {
			isa = PBXGroup;
			children = (
				ADBB7CDF2517C1DA00F3C8B4 /* WidgetKit.framework */,
				ADBB7CE12517C1DA00F3C8B4 /* SwiftUI.framework */,
			);
			name = Frameworks;
			sourceTree = "<group>";
		};
		ADBB7CE32517C1DA00F3C8B4 /* InfectedWidget */ = {
			isa = PBXGroup;
			children = (
				ADBB7CE42517C1DA00F3C8B4 /* InfectedWidget.swift */,
				ADBB7CE62517C1DC00F3C8B4 /* Assets.xcassets */,
				ADBB7CE82517C1DC00F3C8B4 /* Info.plist */,
			);
			path = InfectedWidget;
			sourceTree = "<group>";
		};
		ADD4C2F9251627910064A959 = {
			isa = PBXGroup;
			children = (
				ADD4C304251627910064A959 /* Infected */,
				ADD4C316251627920064A959 /* InfectedTests */,
				ADD4C321251627920064A959 /* InfectedUITests */,
				ADBB7CE32517C1DA00F3C8B4 /* InfectedWidget */,
				ADBB7CDE2517C1DA00F3C8B4 /* Frameworks */,
				ADD4C303251627910064A959 /* Products */,
			);
			sourceTree = "<group>";
		};
		ADD4C303251627910064A959 /* Products */ = {
			isa = PBXGroup;
			children = (
				ADD4C302251627910064A959 /* Infected.app */,
				ADD4C313251627920064A959 /* InfectedTests.xctest */,
				ADD4C31E251627920064A959 /* InfectedUITests.xctest */,
				ADBB7CDD2517C1DA00F3C8B4 /* InfectedWidgetExtension.appex */,
			);
			name = Products;
			sourceTree = "<group>";
		};
		ADD4C304251627910064A959 /* Infected */ = {
			isa = PBXGroup;
			children = (
				ADD4C305251627910064A959 /* InfectedApp.swift */,
				ADD4C333251628640064A959 /* CoronaWatchNLAPI.swift */,
				AD327F2B2546332E002CCE01 /* NumbersProvider.swift */,
				AD422CCB254E31FB005122CB /* Province.swift */,
				ADE10F01254F52650080B975 /* Municipality.swift */,
				AD327F25254629EC002CCE01 /* NumbersDTO.swift */,
				AD327F31254633B7002CCE01 /* Numbers.swift */,
				ADE73A8E254DDEB700C9FBD4 /* NumberRepresentation.swift */,
				AD07C24425521A6E009B27B2 /* Region.swift */,
				AD07C24B25521AA3009B27B2 /* AnyRegion.swift */,
				ADD4C307251627910064A959 /* ContentView.swift */,
				AD74CCC5255DF7B200002500 /* AboutView.swift */,
				AD6680BB251F4C0800E669A7 /* RegionView.swift */,
				ADE10EEF254F3FEA0080B975 /* AllRegionsView.swift */,
				ADE10EF5254F454D0080B975 /* NetherlandsView.swift */,
				ADE10EFB254F45930080B975 /* ProvincesView.swift */,
				ADE10F07254F56AE0080B975 /* MunicipalitiesView.swift */,
				AD6680C12520832800E669A7 /* RowView.swift */,
				ADE73A35254B612900C9FBD4 /* TrendNumberView.swift */,
				AD74CCCB255DF8B500002500 /* SectionHeader.swift */,
				ADE4EDE625604F530035CBE5 /* CloseButton.swift */,
				ADD4C309251627920064A959 /* Assets.xcassets */,
				AD131CC02559D393003077F3 /* Localizable.strings */,
				ADD4C30E251627920064A959 /* Info.plist */,
				ADD4C30B251627920064A959 /* Preview Content */,
			);
			path = Infected;
			sourceTree = "<group>";
		};
		ADD4C30B251627920064A959 /* Preview Content */ = {
			isa = PBXGroup;
			children = (
				ADD4C30C251627920064A959 /* Preview Assets.xcassets */,
			);
			path = "Preview Content";
			sourceTree = "<group>";
		};
		ADD4C316251627920064A959 /* InfectedTests */ = {
			isa = PBXGroup;
			children = (
				ADD4C317251627920064A959 /* InfectedTests.swift */,
				ADD4C319251627920064A959 /* Info.plist */,
			);
			path = InfectedTests;
			sourceTree = "<group>";
		};
		ADD4C321251627920064A959 /* InfectedUITests */ = {
			isa = PBXGroup;
			children = (
				ADD4C322251627920064A959 /* InfectedUITests.swift */,
				ADD4C324251627920064A959 /* Info.plist */,
			);
			path = InfectedUITests;
			sourceTree = "<group>";
		};
/* End PBXGroup section */

/* Begin PBXNativeTarget section */
		ADBB7CDC2517C1DA00F3C8B4 /* InfectedWidgetExtension */ = {
			isa = PBXNativeTarget;
			buildConfigurationList = ADBB7CEC2517C1DC00F3C8B4 /* Build configuration list for PBXNativeTarget "InfectedWidgetExtension" */;
			buildPhases = (
				ADBB7CD92517C1DA00F3C8B4 /* Sources */,
				ADBB7CDA2517C1DA00F3C8B4 /* Frameworks */,
				ADBB7CDB2517C1DA00F3C8B4 /* Resources */,
			);
			buildRules = (
			);
			dependencies = (
			);
			name = InfectedWidgetExtension;
			packageProductDependencies = (
				AD5C7328253300C800E32B5E /* CodableCSV */,
			);
			productName = InfectedWidgetExtension;
			productReference = ADBB7CDD2517C1DA00F3C8B4 /* InfectedWidgetExtension.appex */;
			productType = "com.apple.product-type.app-extension";
		};
		ADD4C301251627910064A959 /* Infected */ = {
			isa = PBXNativeTarget;
			buildConfigurationList = ADD4C327251627920064A959 /* Build configuration list for PBXNativeTarget "Infected" */;
			buildPhases = (
				ADD4C2FE251627910064A959 /* Sources */,
				ADD4C2FF251627910064A959 /* Frameworks */,
				ADD4C300251627910064A959 /* Resources */,
				ADBB7CEF2517C1DC00F3C8B4 /* Embed App Extensions */,
			);
			buildRules = (
			);
			dependencies = (
				ADBB7CEA2517C1DC00F3C8B4 /* PBXTargetDependency */,
			);
			name = Infected;
			packageProductDependencies = (
				AD7C67742532FBB10037716F /* CodableCSV */,
			);
			productName = Infected;
			productReference = ADD4C302251627910064A959 /* Infected.app */;
			productType = "com.apple.product-type.application";
		};
		ADD4C312251627920064A959 /* InfectedTests */ = {
			isa = PBXNativeTarget;
			buildConfigurationList = ADD4C32A251627920064A959 /* Build configuration list for PBXNativeTarget "InfectedTests" */;
			buildPhases = (
				ADD4C30F251627920064A959 /* Sources */,
				ADD4C310251627920064A959 /* Frameworks */,
				ADD4C311251627920064A959 /* Resources */,
			);
			buildRules = (
			);
			dependencies = (
				ADD4C315251627920064A959 /* PBXTargetDependency */,
			);
			name = InfectedTests;
			productName = InfectedTests;
			productReference = ADD4C313251627920064A959 /* InfectedTests.xctest */;
			productType = "com.apple.product-type.bundle.unit-test";
		};
		ADD4C31D251627920064A959 /* InfectedUITests */ = {
			isa = PBXNativeTarget;
			buildConfigurationList = ADD4C32D251627920064A959 /* Build configuration list for PBXNativeTarget "InfectedUITests" */;
			buildPhases = (
				ADD4C31A251627920064A959 /* Sources */,
				ADD4C31B251627920064A959 /* Frameworks */,
				ADD4C31C251627920064A959 /* Resources */,
			);
			buildRules = (
			);
			dependencies = (
				ADD4C320251627920064A959 /* PBXTargetDependency */,
			);
			name = InfectedUITests;
			productName = InfectedUITests;
			productReference = ADD4C31E251627920064A959 /* InfectedUITests.xctest */;
			productType = "com.apple.product-type.bundle.ui-testing";
		};
/* End PBXNativeTarget section */

/* Begin PBXProject section */
		ADD4C2FA251627910064A959 /* Project object */ = {
			isa = PBXProject;
			attributes = {
				LastSwiftUpdateCheck = 1200;
				LastUpgradeCheck = 1220;
				TargetAttributes = {
					ADBB7CDC2517C1DA00F3C8B4 = {
						CreatedOnToolsVersion = 12.0;
					};
					ADD4C301251627910064A959 = {
						CreatedOnToolsVersion = 12.0;
					};
					ADD4C312251627920064A959 = {
						CreatedOnToolsVersion = 12.0;
						TestTargetID = ADD4C301251627910064A959;
					};
					ADD4C31D251627920064A959 = {
						CreatedOnToolsVersion = 12.0;
						TestTargetID = ADD4C301251627910064A959;
					};
				};
			};
			buildConfigurationList = ADD4C2FD251627910064A959 /* Build configuration list for PBXProject "Infected" */;
			compatibilityVersion = "Xcode 9.3";
			developmentRegion = en;
			hasScannedForEncodings = 0;
			knownRegions = (
				en,
				nl,
			);
			mainGroup = ADD4C2F9251627910064A959;
			packageReferences = (
				AD7C67732532FBB10037716F /* XCRemoteSwiftPackageReference "CodableCSV" */,
			);
			productRefGroup = ADD4C303251627910064A959 /* Products */;
			projectDirPath = "";
			projectRoot = "";
			targets = (
				ADD4C301251627910064A959 /* Infected */,
				ADD4C312251627920064A959 /* InfectedTests */,
				ADD4C31D251627920064A959 /* InfectedUITests */,
				ADBB7CDC2517C1DA00F3C8B4 /* InfectedWidgetExtension */,
			);
		};
/* End PBXProject section */

/* Begin PBXResourcesBuildPhase section */
		ADBB7CDB2517C1DA00F3C8B4 /* Resources */ = {
			isa = PBXResourcesBuildPhase;
			buildActionMask = 2147483647;
			files = (
				ADBB7CE72517C1DC00F3C8B4 /* Assets.xcassets in Resources */,
				AD131CCA2559D94C003077F3 /* Localizable.strings in Resources */,
			);
			runOnlyForDeploymentPostprocessing = 0;
		};
		ADD4C300251627910064A959 /* Resources */ = {
			isa = PBXResourcesBuildPhase;
			buildActionMask = 2147483647;
			files = (
				ADD4C30D251627920064A959 /* Preview Assets.xcassets in Resources */,
				AD131CBE2559D393003077F3 /* Localizable.strings in Resources */,
				ADD4C30A251627920064A959 /* Assets.xcassets in Resources */,
			);
			runOnlyForDeploymentPostprocessing = 0;
		};
		ADD4C311251627920064A959 /* Resources */ = {
			isa = PBXResourcesBuildPhase;
			buildActionMask = 2147483647;
			files = (
			);
			runOnlyForDeploymentPostprocessing = 0;
		};
		ADD4C31C251627920064A959 /* Resources */ = {
			isa = PBXResourcesBuildPhase;
			buildActionMask = 2147483647;
			files = (
			);
			runOnlyForDeploymentPostprocessing = 0;
		};
/* End PBXResourcesBuildPhase section */

/* Begin PBXSourcesBuildPhase section */
		ADBB7CD92517C1DA00F3C8B4 /* Sources */ = {
			isa = PBXSourcesBuildPhase;
			buildActionMask = 2147483647;
			files = (
				ADBB7CF82517C22600F3C8B4 /* CoronaWatchNLAPI.swift in Sources */,
				ADBB7CE52517C1DA00F3C8B4 /* InfectedWidget.swift in Sources */,
				AD78EBB32548C6D00021ECA2 /* Numbers.swift in Sources */,
				AD07C24D25521AA3009B27B2 /* AnyRegion.swift in Sources */,
				ADD2D16D254EBADD00FB678A /* Province.swift in Sources */,
				ADE10F0D254F57400080B975 /* Municipality.swift in Sources */,
				ADE73A75254D7C8300C9FBD4 /* NumbersProvider.swift in Sources */,
				AD07C24625521A6E009B27B2 /* Region.swift in Sources */,
				ADB2641D25474C0C00231946 /* NumbersDTO.swift in Sources */,
			);
			runOnlyForDeploymentPostprocessing = 0;
		};
		ADD4C2FE251627910064A959 /* Sources */ = {
			isa = PBXSourcesBuildPhase;
			buildActionMask = 2147483647;
			files = (
				ADD4C308251627910064A959 /* ContentView.swift in Sources */,
				ADE73A8F254DDEB700C9FBD4 /* NumberRepresentation.swift in Sources */,
				AD6680C22520832800E669A7 /* RowView.swift in Sources */,
				AD07C24C25521AA3009B27B2 /* AnyRegion.swift in Sources */,
				ADE4EDE725604F530035CBE5 /* CloseButton.swift in Sources */,
				AD6680BC251F4C0800E669A7 /* RegionView.swift in Sources */,
				AD422CCC254E31FB005122CB /* Province.swift in Sources */,
				ADE10EF0254F3FEA0080B975 /* AllRegionsView.swift in Sources */,
				ADD4C334251628640064A959 /* CoronaWatchNLAPI.swift in Sources */,
				ADD4C306251627910064A959 /* InfectedApp.swift in Sources */,
				ADE10EFC254F45930080B975 /* ProvincesView.swift in Sources */,
				AD327F32254633B7002CCE01 /* Numbers.swift in Sources */,
				ADE10EF6254F454D0080B975 /* NetherlandsView.swift in Sources */,
				AD74CCCC255DF8B500002500 /* SectionHeader.swift in Sources */,
				AD07C24525521A6E009B27B2 /* Region.swift in Sources */,
				AD327F26254629EC002CCE01 /* NumbersDTO.swift in Sources */,
				ADE73A36254B612900C9FBD4 /* TrendNumberView.swift in Sources */,
				ADE10F02254F52650080B975 /* Municipality.swift in Sources */,
				AD74CCC6255DF7B200002500 /* AboutView.swift in Sources */,
				ADE10F08254F56AE0080B975 /* MunicipalitiesView.swift in Sources */,
				AD327F2C2546332E002CCE01 /* NumbersProvider.swift in Sources */,
			);
			runOnlyForDeploymentPostprocessing = 0;
		};
		ADD4C30F251627920064A959 /* Sources */ = {
			isa = PBXSourcesBuildPhase;
			buildActionMask = 2147483647;
			files = (
				ADD4C318251627920064A959 /* InfectedTests.swift in Sources */,
			);
			runOnlyForDeploymentPostprocessing = 0;
		};
		ADD4C31A251627920064A959 /* Sources */ = {
			isa = PBXSourcesBuildPhase;
			buildActionMask = 2147483647;
			files = (
				ADD4C323251627920064A959 /* InfectedUITests.swift in Sources */,
			);
			runOnlyForDeploymentPostprocessing = 0;
		};
/* End PBXSourcesBuildPhase section */

/* Begin PBXTargetDependency section */
		ADBB7CEA2517C1DC00F3C8B4 /* PBXTargetDependency */ = {
			isa = PBXTargetDependency;
			target = ADBB7CDC2517C1DA00F3C8B4 /* InfectedWidgetExtension */;
			targetProxy = ADBB7CE92517C1DC00F3C8B4 /* PBXContainerItemProxy */;
		};
		ADD4C315251627920064A959 /* PBXTargetDependency */ = {
			isa = PBXTargetDependency;
			target = ADD4C301251627910064A959 /* Infected */;
			targetProxy = ADD4C314251627920064A959 /* PBXContainerItemProxy */;
		};
		ADD4C320251627920064A959 /* PBXTargetDependency */ = {
			isa = PBXTargetDependency;
			target = ADD4C301251627910064A959 /* Infected */;
			targetProxy = ADD4C31F251627920064A959 /* PBXContainerItemProxy */;
		};
/* End PBXTargetDependency section */

/* Begin PBXVariantGroup section */
		AD131CC02559D393003077F3 /* Localizable.strings */ = {
			isa = PBXVariantGroup;
			children = (
				AD131CBF2559D393003077F3 /* en */,
				AD131CC52559D39D003077F3 /* nl */,
			);
			name = Localizable.strings;
			sourceTree = "<group>";
		};
/* End PBXVariantGroup section */

/* Begin XCBuildConfiguration section */
		ADBB7CED2517C1DC00F3C8B4 /* Debug */ = {
			isa = XCBuildConfiguration;
			buildSettings = {
				ASSETCATALOG_COMPILER_GLOBAL_ACCENT_COLOR_NAME = AccentColor;
				ASSETCATALOG_COMPILER_WIDGET_BACKGROUND_COLOR_NAME = WidgetBackground;
				CODE_SIGN_STYLE = Manual;
				DEVELOPMENT_TEAM = "";
				INFOPLIST_FILE = InfectedWidget/Info.plist;
				LD_RUNPATH_SEARCH_PATHS = (
					"$(inherited)",
					"@executable_path/Frameworks",
					"@executable_path/../../Frameworks",
				);
				PRODUCT_BUNDLE_IDENTIFIER = "$(inherited).Widget";
				PRODUCT_NAME = "$(TARGET_NAME)";
				PROVISIONING_PROFILE_SPECIFIER = "";
				SKIP_INSTALL = YES;
				SWIFT_VERSION = 5.0;
				TARGETED_DEVICE_FAMILY = "1,2";
			};
			name = Debug;
		};
		ADBB7CEE2517C1DC00F3C8B4 /* Release */ = {
			isa = XCBuildConfiguration;
			buildSettings = {
				ASSETCATALOG_COMPILER_GLOBAL_ACCENT_COLOR_NAME = AccentColor;
				ASSETCATALOG_COMPILER_WIDGET_BACKGROUND_COLOR_NAME = WidgetBackground;
				CODE_SIGN_STYLE = Manual;
				DEVELOPMENT_TEAM = "";
				INFOPLIST_FILE = InfectedWidget/Info.plist;
				LD_RUNPATH_SEARCH_PATHS = (
					"$(inherited)",
					"@executable_path/Frameworks",
					"@executable_path/../../Frameworks",
				);
				PRODUCT_BUNDLE_IDENTIFIER = "$(inherited).Widget";
				PRODUCT_NAME = "$(TARGET_NAME)";
				PROVISIONING_PROFILE_SPECIFIER = "";
				SKIP_INSTALL = YES;
				SWIFT_VERSION = 5.0;
				TARGETED_DEVICE_FAMILY = "1,2";
			};
			name = Release;
		};
		ADD4C325251627920064A959 /* Debug */ = {
			isa = XCBuildConfiguration;
			buildSettings = {
				ALWAYS_SEARCH_USER_PATHS = NO;
				CLANG_ANALYZER_LOCALIZABILITY_NONLOCALIZED = YES;
				CLANG_ANALYZER_NONNULL = YES;
				CLANG_ANALYZER_NUMBER_OBJECT_CONVERSION = YES_AGGRESSIVE;
				CLANG_CXX_LANGUAGE_STANDARD = "gnu++14";
				CLANG_CXX_LIBRARY = "libc++";
				CLANG_ENABLE_MODULES = YES;
				CLANG_ENABLE_OBJC_ARC = YES;
				CLANG_ENABLE_OBJC_WEAK = YES;
				CLANG_WARN_BLOCK_CAPTURE_AUTORELEASING = YES;
				CLANG_WARN_BOOL_CONVERSION = YES;
				CLANG_WARN_COMMA = YES;
				CLANG_WARN_CONSTANT_CONVERSION = YES;
				CLANG_WARN_DEPRECATED_OBJC_IMPLEMENTATIONS = YES;
				CLANG_WARN_DIRECT_OBJC_ISA_USAGE = YES_ERROR;
				CLANG_WARN_DOCUMENTATION_COMMENTS = YES;
				CLANG_WARN_EMPTY_BODY = YES;
				CLANG_WARN_ENUM_CONVERSION = YES;
				CLANG_WARN_INFINITE_RECURSION = YES;
				CLANG_WARN_INT_CONVERSION = YES;
				CLANG_WARN_NON_LITERAL_NULL_CONVERSION = YES;
				CLANG_WARN_OBJC_IMPLICIT_RETAIN_SELF = YES;
				CLANG_WARN_OBJC_LITERAL_CONVERSION = YES;
				CLANG_WARN_OBJC_ROOT_CLASS = YES_ERROR;
				CLANG_WARN_QUOTED_INCLUDE_IN_FRAMEWORK_HEADER = YES;
				CLANG_WARN_RANGE_LOOP_ANALYSIS = YES;
				CLANG_WARN_STRICT_PROTOTYPES = YES;
				CLANG_WARN_SUSPICIOUS_MOVE = YES;
				CLANG_WARN_UNGUARDED_AVAILABILITY = YES_AGGRESSIVE;
				CLANG_WARN_UNREACHABLE_CODE = YES;
				CLANG_WARN__DUPLICATE_METHOD_MATCH = YES;
				CODE_SIGN_STYLE = Manual;
				COPY_PHASE_STRIP = NO;
				CURRENT_PROJECT_VERSION = 15;
				DEBUG_INFORMATION_FORMAT = dwarf;
				ENABLE_STRICT_OBJC_MSGSEND = YES;
				ENABLE_TESTABILITY = YES;
				GCC_C_LANGUAGE_STANDARD = gnu11;
				GCC_DYNAMIC_NO_PIC = NO;
				GCC_NO_COMMON_BLOCKS = YES;
				GCC_OPTIMIZATION_LEVEL = 0;
				GCC_PREPROCESSOR_DEFINITIONS = (
					"DEBUG=1",
					"$(inherited)",
				);
				GCC_WARN_64_TO_32_BIT_CONVERSION = YES;
				GCC_WARN_ABOUT_RETURN_TYPE = YES_ERROR;
				GCC_WARN_UNDECLARED_SELECTOR = YES;
				GCC_WARN_UNINITIALIZED_AUTOS = YES_AGGRESSIVE;
				GCC_WARN_UNUSED_FUNCTION = YES;
				GCC_WARN_UNUSED_VARIABLE = YES;
				IPHONEOS_DEPLOYMENT_TARGET = 14.0;
				MARKETING_VERSION = 1.0;
				MTL_ENABLE_DEBUG_INFO = INCLUDE_SOURCE;
				MTL_FAST_MATH = YES;
				ONLY_ACTIVE_ARCH = YES;
				PRODUCT_BUNDLE_IDENTIFIER = "";
				SDKROOT = iphoneos;
				SWIFT_ACTIVE_COMPILATION_CONDITIONS = DEBUG;
				SWIFT_OPTIMIZATION_LEVEL = "-Onone";
			};
			name = Debug;
		};
		ADD4C326251627920064A959 /* Release */ = {
			isa = XCBuildConfiguration;
			buildSettings = {
				ALWAYS_SEARCH_USER_PATHS = NO;
				CLANG_ANALYZER_LOCALIZABILITY_NONLOCALIZED = YES;
				CLANG_ANALYZER_NONNULL = YES;
				CLANG_ANALYZER_NUMBER_OBJECT_CONVERSION = YES_AGGRESSIVE;
				CLANG_CXX_LANGUAGE_STANDARD = "gnu++14";
				CLANG_CXX_LIBRARY = "libc++";
				CLANG_ENABLE_MODULES = YES;
				CLANG_ENABLE_OBJC_ARC = YES;
				CLANG_ENABLE_OBJC_WEAK = YES;
				CLANG_WARN_BLOCK_CAPTURE_AUTORELEASING = YES;
				CLANG_WARN_BOOL_CONVERSION = YES;
				CLANG_WARN_COMMA = YES;
				CLANG_WARN_CONSTANT_CONVERSION = YES;
				CLANG_WARN_DEPRECATED_OBJC_IMPLEMENTATIONS = YES;
				CLANG_WARN_DIRECT_OBJC_ISA_USAGE = YES_ERROR;
				CLANG_WARN_DOCUMENTATION_COMMENTS = YES;
				CLANG_WARN_EMPTY_BODY = YES;
				CLANG_WARN_ENUM_CONVERSION = YES;
				CLANG_WARN_INFINITE_RECURSION = YES;
				CLANG_WARN_INT_CONVERSION = YES;
				CLANG_WARN_NON_LITERAL_NULL_CONVERSION = YES;
				CLANG_WARN_OBJC_IMPLICIT_RETAIN_SELF = YES;
				CLANG_WARN_OBJC_LITERAL_CONVERSION = YES;
				CLANG_WARN_OBJC_ROOT_CLASS = YES_ERROR;
				CLANG_WARN_QUOTED_INCLUDE_IN_FRAMEWORK_HEADER = YES;
				CLANG_WARN_RANGE_LOOP_ANALYSIS = YES;
				CLANG_WARN_STRICT_PROTOTYPES = YES;
				CLANG_WARN_SUSPICIOUS_MOVE = YES;
				CLANG_WARN_UNGUARDED_AVAILABILITY = YES_AGGRESSIVE;
				CLANG_WARN_UNREACHABLE_CODE = YES;
				CLANG_WARN__DUPLICATE_METHOD_MATCH = YES;
				CODE_SIGN_STYLE = Manual;
				COPY_PHASE_STRIP = NO;
				CURRENT_PROJECT_VERSION = 15;
				DEBUG_INFORMATION_FORMAT = "dwarf-with-dsym";
				ENABLE_NS_ASSERTIONS = NO;
				ENABLE_STRICT_OBJC_MSGSEND = YES;
				GCC_C_LANGUAGE_STANDARD = gnu11;
				GCC_NO_COMMON_BLOCKS = YES;
				GCC_WARN_64_TO_32_BIT_CONVERSION = YES;
				GCC_WARN_ABOUT_RETURN_TYPE = YES_ERROR;
				GCC_WARN_UNDECLARED_SELECTOR = YES;
				GCC_WARN_UNINITIALIZED_AUTOS = YES_AGGRESSIVE;
				GCC_WARN_UNUSED_FUNCTION = YES;
				GCC_WARN_UNUSED_VARIABLE = YES;
				IPHONEOS_DEPLOYMENT_TARGET = 14.0;
				MARKETING_VERSION = 1.0;
				MTL_ENABLE_DEBUG_INFO = NO;
				MTL_FAST_MATH = YES;
				PRODUCT_BUNDLE_IDENTIFIER = "";
				SDKROOT = iphoneos;
				SWIFT_COMPILATION_MODE = wholemodule;
				SWIFT_OPTIMIZATION_LEVEL = "-O";
				VALIDATE_PRODUCT = YES;
			};
			name = Release;
		};
		ADD4C328251627920064A959 /* Debug */ = {
			isa = XCBuildConfiguration;
			buildSettings = {
				ALWAYS_EMBED_SWIFT_STANDARD_LIBRARIES = YES;
				ASSETCATALOG_COMPILER_APPICON_NAME = AppIcon;
				ASSETCATALOG_COMPILER_GLOBAL_ACCENT_COLOR_NAME = AccentColor;
				CODE_SIGN_IDENTITY = "Apple Development";
				CODE_SIGN_STYLE = Manual;
				DEVELOPMENT_ASSET_PATHS = "\"Infected/Preview Content\"";
				DEVELOPMENT_TEAM = "";
				ENABLE_PREVIEWS = YES;
				INFOPLIST_FILE = Infected/Info.plist;
				IPHONEOS_DEPLOYMENT_TARGET = 14.0;
				LD_RUNPATH_SEARCH_PATHS = (
					"$(inherited)",
					"@executable_path/Frameworks",
				);
				PRODUCT_NAME = "$(TARGET_NAME)";
				PROVISIONING_PROFILE_SPECIFIER = "";
				SWIFT_VERSION = 5.0;
				TARGETED_DEVICE_FAMILY = "1,2";
			};
			name = Debug;
		};
		ADD4C329251627920064A959 /* Release */ = {
			isa = XCBuildConfiguration;
			buildSettings = {
				ALWAYS_EMBED_SWIFT_STANDARD_LIBRARIES = YES;
				ASSETCATALOG_COMPILER_APPICON_NAME = AppIcon;
				ASSETCATALOG_COMPILER_GLOBAL_ACCENT_COLOR_NAME = AccentColor;
				CODE_SIGN_IDENTITY = "Apple Development";
				CODE_SIGN_STYLE = Manual;
				DEVELOPMENT_ASSET_PATHS = "\"Infected/Preview Content\"";
				DEVELOPMENT_TEAM = "";
				ENABLE_PREVIEWS = YES;
				INFOPLIST_FILE = Infected/Info.plist;
				IPHONEOS_DEPLOYMENT_TARGET = 14.0;
				LD_RUNPATH_SEARCH_PATHS = (
					"$(inherited)",
					"@executable_path/Frameworks",
				);
				PRODUCT_NAME = "$(TARGET_NAME)";
				PROVISIONING_PROFILE_SPECIFIER = "";
				SWIFT_VERSION = 5.0;
				TARGETED_DEVICE_FAMILY = "1,2";
			};
			name = Release;
		};
		ADD4C32B251627920064A959 /* Debug */ = {
			isa = XCBuildConfiguration;
			buildSettings = {
				ALWAYS_EMBED_SWIFT_STANDARD_LIBRARIES = YES;
				BUNDLE_LOADER = "$(TEST_HOST)";
				CODE_SIGN_STYLE = Manual;
				DEVELOPMENT_TEAM = "";
				INFOPLIST_FILE = InfectedTests/Info.plist;
				IPHONEOS_DEPLOYMENT_TARGET = 14.0;
				LD_RUNPATH_SEARCH_PATHS = (
					"$(inherited)",
					"@executable_path/Frameworks",
					"@loader_path/Frameworks",
				);
				PRODUCT_NAME = "$(TARGET_NAME)";
				PROVISIONING_PROFILE_SPECIFIER = "";
				"PROVISIONING_PROFILE_SPECIFIER[sdk=macosx*]" = "";
				SWIFT_VERSION = 5.0;
				TARGETED_DEVICE_FAMILY = "1,2";
				TEST_HOST = "$(BUILT_PRODUCTS_DIR)/Infected.app/Infected";
			};
			name = Debug;
		};
		ADD4C32C251627920064A959 /* Release */ = {
			isa = XCBuildConfiguration;
			buildSettings = {
				ALWAYS_EMBED_SWIFT_STANDARD_LIBRARIES = YES;
				BUNDLE_LOADER = "$(TEST_HOST)";
				CODE_SIGN_STYLE = Manual;
				DEVELOPMENT_TEAM = "";
				INFOPLIST_FILE = InfectedTests/Info.plist;
				IPHONEOS_DEPLOYMENT_TARGET = 14.0;
				LD_RUNPATH_SEARCH_PATHS = (
					"$(inherited)",
					"@executable_path/Frameworks",
					"@loader_path/Frameworks",
				);
				PRODUCT_NAME = "$(TARGET_NAME)";
				PROVISIONING_PROFILE_SPECIFIER = "";
				"PROVISIONING_PROFILE_SPECIFIER[sdk=macosx*]" = "";
				SWIFT_VERSION = 5.0;
				TARGETED_DEVICE_FAMILY = "1,2";
				TEST_HOST = "$(BUILT_PRODUCTS_DIR)/Infected.app/Infected";
			};
			name = Release;
		};
		ADD4C32E251627920064A959 /* Debug */ = {
			isa = XCBuildConfiguration;
			buildSettings = {
				ALWAYS_EMBED_SWIFT_STANDARD_LIBRARIES = YES;
				CODE_SIGN_STYLE = Manual;
				DEVELOPMENT_TEAM = "";
				INFOPLIST_FILE = InfectedUITests/Info.plist;
				LD_RUNPATH_SEARCH_PATHS = (
					"$(inherited)",
					"@executable_path/Frameworks",
					"@loader_path/Frameworks",
				);
				PRODUCT_NAME = "$(TARGET_NAME)";
				PROVISIONING_PROFILE_SPECIFIER = "";
				"PROVISIONING_PROFILE_SPECIFIER[sdk=macosx*]" = "";
				SWIFT_VERSION = 5.0;
				TARGETED_DEVICE_FAMILY = "1,2";
				TEST_TARGET_NAME = Infected;
			};
			name = Debug;
		};
		ADD4C32F251627920064A959 /* Release */ = {
			isa = XCBuildConfiguration;
			buildSettings = {
				ALWAYS_EMBED_SWIFT_STANDARD_LIBRARIES = YES;
				CODE_SIGN_STYLE = Manual;
				DEVELOPMENT_TEAM = "";
				INFOPLIST_FILE = InfectedUITests/Info.plist;
				LD_RUNPATH_SEARCH_PATHS = (
					"$(inherited)",
					"@executable_path/Frameworks",
					"@loader_path/Frameworks",
				);
				PRODUCT_NAME = "$(TARGET_NAME)";
				PROVISIONING_PROFILE_SPECIFIER = "";
				"PROVISIONING_PROFILE_SPECIFIER[sdk=macosx*]" = "";
				SWIFT_VERSION = 5.0;
				TARGETED_DEVICE_FAMILY = "1,2";
				TEST_TARGET_NAME = Infected;
			};
			name = Release;
		};
/* End XCBuildConfiguration section */

/* Begin XCConfigurationList section */
		ADBB7CEC2517C1DC00F3C8B4 /* Build configuration list for PBXNativeTarget "InfectedWidgetExtension" */ = {
			isa = XCConfigurationList;
			buildConfigurations = (
				ADBB7CED2517C1DC00F3C8B4 /* Debug */,
				ADBB7CEE2517C1DC00F3C8B4 /* Release */,
			);
			defaultConfigurationIsVisible = 0;
			defaultConfigurationName = Release;
		};
		ADD4C2FD251627910064A959 /* Build configuration list for PBXProject "Infected" */ = {
			isa = XCConfigurationList;
			buildConfigurations = (
				ADD4C325251627920064A959 /* Debug */,
				ADD4C326251627920064A959 /* Release */,
			);
			defaultConfigurationIsVisible = 0;
			defaultConfigurationName = Release;
		};
		ADD4C327251627920064A959 /* Build configuration list for PBXNativeTarget "Infected" */ = {
			isa = XCConfigurationList;
			buildConfigurations = (
				ADD4C328251627920064A959 /* Debug */,
				ADD4C329251627920064A959 /* Release */,
			);
			defaultConfigurationIsVisible = 0;
			defaultConfigurationName = Release;
		};
		ADD4C32A251627920064A959 /* Build configuration list for PBXNativeTarget "InfectedTests" */ = {
			isa = XCConfigurationList;
			buildConfigurations = (
				ADD4C32B251627920064A959 /* Debug */,
				ADD4C32C251627920064A959 /* Release */,
			);
			defaultConfigurationIsVisible = 0;
			defaultConfigurationName = Release;
		};
		ADD4C32D251627920064A959 /* Build configuration list for PBXNativeTarget "InfectedUITests" */ = {
			isa = XCConfigurationList;
			buildConfigurations = (
				ADD4C32E251627920064A959 /* Debug */,
				ADD4C32F251627920064A959 /* Release */,
			);
			defaultConfigurationIsVisible = 0;
			defaultConfigurationName = Release;
		};
/* End XCConfigurationList section */

/* Begin XCRemoteSwiftPackageReference section */
		AD7C67732532FBB10037716F /* XCRemoteSwiftPackageReference "CodableCSV" */ = {
			isa = XCRemoteSwiftPackageReference;
			repositoryURL = "https://github.com/dehesa/CodableCSV.git";
			requirement = {
				kind = upToNextMajorVersion;
				minimumVersion = 0.6.3;
			};
		};
/* End XCRemoteSwiftPackageReference section */

/* Begin XCSwiftPackageProductDependency section */
		AD5C7328253300C800E32B5E /* CodableCSV */ = {
			isa = XCSwiftPackageProductDependency;
			package = AD7C67732532FBB10037716F /* XCRemoteSwiftPackageReference "CodableCSV" */;
			productName = CodableCSV;
		};
		AD7C67742532FBB10037716F /* CodableCSV */ = {
			isa = XCSwiftPackageProductDependency;
			package = AD7C67732532FBB10037716F /* XCRemoteSwiftPackageReference "CodableCSV" */;
			productName = CodableCSV;
		};
/* End XCSwiftPackageProductDependency section */
	};
	rootObject = ADD4C2FA251627910064A959 /* Project object */;
}
